
Microsoft Visual Studio Solution File, Format Version 12.00
# Visual Studio Version 17
VisualStudioVersion = 17.0.31903.59
MinimumVisualStudioVersion = 10.0.40219.1
Project("{2150E333-8FDC-42A3-9474-1A3956D46DE8}") = "src", "src", "{E2141DB8-AD11-4C3D-B4EE-B22276702CCF}"
EndProject
Project("{2150E333-8FDC-42A3-9474-1A3956D46DE8}") = "6.WebApi", "6.WebApi", "{0CE9D26C-B312-4106-9BBA-C2A2C7BC3C2D}"
EndProject
Project("{9A19103F-16F7-4668-BE54-9A1E7A4F7556}") = "MicroserviceTemplate.WebApi", "src\WebApi\MicroserviceTemplate.WebApi\MicroserviceTemplate.WebApi.csproj", "{34D13451-8956-4CA0-BB36-8DDE5710A023}"
EndProject
Project("{2150E333-8FDC-42A3-9474-1A3956D46DE8}") = "2.Domain", "2.Domain", "{D3B3409B-5870-453A-9629-5442D9C112C0}"
EndProject
Project("{9A19103F-16F7-4668-BE54-9A1E7A4F7556}") = "MicroserviceTemplate.Domain", "src\Domain\MicroserviceTemplate.Domain\MicroserviceTemplate.Domain.csproj", "{E1F0F537-5CB6-40D4-8AD5-204ED21FD16E}"
EndProject
Project("{2150E333-8FDC-42A3-9474-1A3956D46DE8}") = "3.Application", "3.Application", "{A16906DA-8F7C-454E-88A1-C146F6D898F4}"
EndProject
Project("{9A19103F-16F7-4668-BE54-9A1E7A4F7556}") = "MicroserviceTemplate.Application", "src\Application\MicroserviceTemplate.Application\MicroserviceTemplate.Application.csproj", "{975C1D44-1A9F-463F-AB15-E12C9236142F}"
EndProject
Project("{2150E333-8FDC-42A3-9474-1A3956D46DE8}") = "5.Infrastructure", "5.Infrastructure", "{AD4B2B78-09C1-4142-8857-E93670B671B2}"
EndProject
Project("{9A19103F-16F7-4668-BE54-9A1E7A4F7556}") = "MicroserviceTemplate.Infrastructure", "src\Infrastructure\MicroserviceTemplate.Infrastructure\MicroserviceTemplate.Infrastructure.csproj", "{95F6E985-97DF-4AE6-A8FC-37E4A227A5AF}"
EndProject
Project("{2150E333-8FDC-42A3-9474-1A3956D46DE8}") = "4.Services", "4.Services", "{F241002C-8F15-4C1B-832D-2C26D75FA96F}"
EndProject
Project("{9A19103F-16F7-4668-BE54-9A1E7A4F7556}") = "MicroserviceTemplate.Services", "src\Services\MicroserviceTemplate.Services\MicroserviceTemplate.Services.csproj", "{0DF48F50-744B-43CB-BC25-64C598B2F48D}"
EndProject
Project("{2150E333-8FDC-42A3-9474-1A3956D46DE8}") = "tests", "tests", "{8FCA535F-9C4C-4158-9490-6C59B938E5C0}"
EndProject
Project("{2150E333-8FDC-42A3-9474-1A3956D46DE8}") = "UnitTests", "UnitTests", "{75C1B9D5-B905-4BB4-AD48-9F1EC67C3B3E}"
EndProject
Project("{9A19103F-16F7-4668-BE54-9A1E7A4F7556}") = "MicroserviceTemplate.UnitTests", "tests\UnitTests\MicroserviceTemplate.UnitTests\MicroserviceTemplate.UnitTests.csproj", "{CC27E710-095F-48B4-ADB9-981A04F1DC57}"
EndProject
Project("{2150E333-8FDC-42A3-9474-1A3956D46DE8}") = "IntegrationTests", "IntegrationTests", "{D8A75F15-6B20-40C8-BFB5-424D6D841DD7}"
EndProject
Project("{9A19103F-16F7-4668-BE54-9A1E7A4F7556}") = "MicroserviceTemplate.IntegrationTests", "tests\IntegrationTests\MicroserviceTemplate.IntegrationTests\MicroserviceTemplate.IntegrationTests.csproj", "{134E92A2-5F53-4680-9C17-E7D79C068E93}"
EndProject
Project("{2150E333-8FDC-42A3-9474-1A3956D46DE8}") = "Solution Items", "Solution Items", "{48F7A857-5064-4B1E-93F8-B87027A4CB31}"
	ProjectSection(SolutionItems) = preProject
		.editorconfig = .editorconfig
		.gitignore = .gitignore
		azure-pipelines.yaml = azure-pipelines.yaml
		README.md = README.md
	EndProjectSection
EndProject
Project("{2150E333-8FDC-42A3-9474-1A3956D46DE8}") = ".AppHost", ".AppHost", "{0DA7D0C6-98EA-46F2-A366-835EA6022212}"
	ProjectSection(SolutionItems) = preProject
		src\AppHost\README.md = src\AppHost\README.md
	EndProjectSection
EndProject
Project("{2150E333-8FDC-42A3-9474-1A3956D46DE8}") = "1.Startup", "1.Startup", "{6B6E471C-3B4B-4B4E-94AF-9249ECFBB6DA}"
EndProject
Project("{9A19103F-16F7-4668-BE54-9A1E7A4F7556}") = "MicroserviceTemplate", "src\Startup\MicroserviceTemplate\MicroserviceTemplate.csproj", "{07149F34-369E-4431-9200-EA80938D36C5}"
EndProject
Global
	GlobalSection(SolutionConfigurationPlatforms) = preSolution
		Debug|Any CPU = Debug|Any CPU
		Release|Any CPU = Release|Any CPU
	EndGlobalSection
	GlobalSection(ProjectConfigurationPlatforms) = postSolution
		{34D13451-8956-4CA0-BB36-8DDE5710A023}.Debug|Any CPU.ActiveCfg = Debug|Any CPU
		{34D13451-8956-4CA0-BB36-8DDE5710A023}.Debug|Any CPU.Build.0 = Debug|Any CPU
		{34D13451-8956-4CA0-BB36-8DDE5710A023}.Release|Any CPU.ActiveCfg = Release|Any CPU
		{34D13451-8956-4CA0-BB36-8DDE5710A023}.Release|Any CPU.Build.0 = Release|Any CPU
		{E1F0F537-5CB6-40D4-8AD5-204ED21FD16E}.Debug|Any CPU.ActiveCfg = Debug|Any CPU
		{E1F0F537-5CB6-40D4-8AD5-204ED21FD16E}.Debug|Any CPU.Build.0 = Debug|Any CPU
		{E1F0F537-5CB6-40D4-8AD5-204ED21FD16E}.Release|Any CPU.ActiveCfg = Release|Any CPU
		{E1F0F537-5CB6-40D4-8AD5-204ED21FD16E}.Release|Any CPU.Build.0 = Release|Any CPU
		{975C1D44-1A9F-463F-AB15-E12C9236142F}.Debug|Any CPU.ActiveCfg = Debug|Any CPU
		{975C1D44-1A9F-463F-AB15-E12C9236142F}.Debug|Any CPU.Build.0 = Debug|Any CPU
		{975C1D44-1A9F-463F-AB15-E12C9236142F}.Release|Any CPU.ActiveCfg = Release|Any CPU
		{975C1D44-1A9F-463F-AB15-E12C9236142F}.Release|Any CPU.Build.0 = Release|Any CPU
		{95F6E985-97DF-4AE6-A8FC-37E4A227A5AF}.Debug|Any CPU.ActiveCfg = Debug|Any CPU
		{95F6E985-97DF-4AE6-A8FC-37E4A227A5AF}.Debug|Any CPU.Build.0 = Debug|Any CPU
		{95F6E985-97DF-4AE6-A8FC-37E4A227A5AF}.Release|Any CPU.ActiveCfg = Release|Any CPU
		{95F6E985-97DF-4AE6-A8FC-37E4A227A5AF}.Release|Any CPU.Build.0 = Release|Any CPU
		{0DF48F50-744B-43CB-BC25-64C598B2F48D}.Debug|Any CPU.ActiveCfg = Debug|Any CPU
		{0DF48F50-744B-43CB-BC25-64C598B2F48D}.Debug|Any CPU.Build.0 = Debug|Any CPU
		{0DF48F50-744B-43CB-BC25-64C598B2F48D}.Release|Any CPU.ActiveCfg = Release|Any CPU
		{0DF48F50-744B-43CB-BC25-64C598B2F48D}.Release|Any CPU.Build.0 = Release|Any CPU
		{CC27E710-095F-48B4-ADB9-981A04F1DC57}.Debug|Any CPU.ActiveCfg = Debug|Any CPU
		{CC27E710-095F-48B4-ADB9-981A04F1DC57}.Debug|Any CPU.Build.0 = Debug|Any CPU
		{CC27E710-095F-48B4-ADB9-981A04F1DC57}.Release|Any CPU.ActiveCfg = Release|Any CPU
		{CC27E710-095F-48B4-ADB9-981A04F1DC57}.Release|Any CPU.Build.0 = Release|Any CPU
		{134E92A2-5F53-4680-9C17-E7D79C068E93}.Debug|Any CPU.ActiveCfg = Debug|Any CPU
		{134E92A2-5F53-4680-9C17-E7D79C068E93}.Debug|Any CPU.Build.0 = Debug|Any CPU
		{134E92A2-5F53-4680-9C17-E7D79C068E93}.Release|Any CPU.ActiveCfg = Release|Any CPU
		{134E92A2-5F53-4680-9C17-E7D79C068E93}.Release|Any CPU.Build.0 = Release|Any CPU
		{07149F34-369E-4431-9200-EA80938D36C5}.Debug|Any CPU.ActiveCfg = Debug|Any CPU
		{07149F34-369E-4431-9200-EA80938D36C5}.Debug|Any CPU.Build.0 = Debug|Any CPU
		{07149F34-369E-4431-9200-EA80938D36C5}.Release|Any CPU.ActiveCfg = Release|Any CPU
		{07149F34-369E-4431-9200-EA80938D36C5}.Release|Any CPU.Build.0 = Release|Any CPU
	EndGlobalSection
	GlobalSection(SolutionProperties) = preSolution
		HideSolutionNode = FALSE
	EndGlobalSection
	GlobalSection(NestedProjects) = preSolution
		{0CE9D26C-B312-4106-9BBA-C2A2C7BC3C2D} = {E2141DB8-AD11-4C3D-B4EE-B22276702CCF}
		{34D13451-8956-4CA0-BB36-8DDE5710A023} = {0CE9D26C-B312-4106-9BBA-C2A2C7BC3C2D}
		{D3B3409B-5870-453A-9629-5442D9C112C0} = {E2141DB8-AD11-4C3D-B4EE-B22276702CCF}
		{E1F0F537-5CB6-40D4-8AD5-204ED21FD16E} = {D3B3409B-5870-453A-9629-5442D9C112C0}
		{A16906DA-8F7C-454E-88A1-C146F6D898F4} = {E2141DB8-AD11-4C3D-B4EE-B22276702CCF}
		{975C1D44-1A9F-463F-AB15-E12C9236142F} = {A16906DA-8F7C-454E-88A1-C146F6D898F4}
		{AD4B2B78-09C1-4142-8857-E93670B671B2} = {E2141DB8-AD11-4C3D-B4EE-B22276702CCF}
		{95F6E985-97DF-4AE6-A8FC-37E4A227A5AF} = {AD4B2B78-09C1-4142-8857-E93670B671B2}
		{F241002C-8F15-4C1B-832D-2C26D75FA96F} = {E2141DB8-AD11-4C3D-B4EE-B22276702CCF}
		{0DF48F50-744B-43CB-BC25-64C598B2F48D} = {F241002C-8F15-4C1B-832D-2C26D75FA96F}
		{75C1B9D5-B905-4BB4-AD48-9F1EC67C3B3E} = {8FCA535F-9C4C-4158-9490-6C59B938E5C0}
		{CC27E710-095F-48B4-ADB9-981A04F1DC57} = {75C1B9D5-B905-4BB4-AD48-9F1EC67C3B3E}
		{D8A75F15-6B20-40C8-BFB5-424D6D841DD7} = {8FCA535F-9C4C-4158-9490-6C59B938E5C0}
		{134E92A2-5F53-4680-9C17-E7D79C068E93} = {D8A75F15-6B20-40C8-BFB5-424D6D841DD7}
		{0DA7D0C6-98EA-46F2-A366-835EA6022212} = {E2141DB8-AD11-4C3D-B4EE-B22276702CCF}
		{6B6E471C-3B4B-4B4E-94AF-9249ECFBB6DA} = {E2141DB8-AD11-4C3D-B4EE-B22276702CCF}
		{07149F34-369E-4431-9200-EA80938D36C5} = {6B6E471C-3B4B-4B4E-94AF-9249ECFBB6DA}
	EndGlobalSection
	GlobalSection(ExtensibilityGlobals) = postSolution
		SolutionGuid = {A5DB22D6-5A8A-4712-BCC1-35DDF8215853}
	EndGlobalSection
EndGlobal
